{
  "name": "example",
  "version": "0.1.0",
  "lockfileVersion": 1,
  "requires": true,
  "dependencies": {
    "bs-platform": {
      "version": "github:bsansouci/bsb-native#84604c9f6a5611eed68372efdb575c00a3e72813",
      "dev": true,
      "requires": {
        "yauzl": "2.10.0"
      },
      "dependencies": {
        "buffer-crc32": {
          "version": "0.2.13",
          "bundled": true,
          "dev": true
        },
        "fd-slicer": {
          "version": "1.1.0",
          "bundled": true,
          "dev": true,
          "requires": {
            "pend": "1.2.0"
          }
        },
        "pend": {
          "version": "1.2.0",
          "bundled": true,
          "dev": true
        },
        "yauzl": {
          "version": "2.10.0",
          "bundled": true,
          "dev": true,
          "requires": {
            "buffer-crc32": "0.2.13",
            "fd-slicer": "1.1.0"
          }
        }
      }
    },
    "exec-sh": {
      "version": "0.2.2",
      "resolved": "https://registry.npmjs.org/exec-sh/-/exec-sh-0.2.2.tgz",
      "integrity": "sha512-FIUCJz1RbuS0FKTdaAafAByGS0CPvU3R0MeHxgtl+djzCc//F8HakL8GzmVNZanasTbTAY/3DRFA0KpVqj/eAw==",
      "dev": true,
      "requires": {
        "merge": "1.2.0"
      }
    },
    "merge": {
      "version": "1.2.0",
      "resolved": "https://registry.npmjs.org/merge/-/merge-1.2.0.tgz",
      "integrity": "sha1-dTHjnUlJwoGma4xabgJl6LBYlNo=",
      "dev": true
    },
    "minimist": {
      "version": "1.2.0",
      "resolved": "https://registry.npmjs.org/minimist/-/minimist-1.2.0.tgz",
      "integrity": "sha1-o1AIsg9BOD7sH7kU9M1d95omQoQ=",
      "dev": true
    },
    "reason-lisp": {
      "version": "1.0.0-alpha.3",
      "resolved": "https://registry.npmjs.org/reason-lisp/-/reason-lisp-1.0.0-alpha.3.tgz",
      "integrity": "sha512-DaXD6fJAGHdGLyzy1DtZ4ARtbr7pHO4LgScVishKt0GNOc3jam+waVQcJu6UZzOSUxOdXJXwx0juN+iwk/nEzw==",
      "dev": true,
      "requires": {
        "bs-platform": "github:bsansouci/bsb-native#84604c9f6a5611eed68372efdb575c00a3e72813",
        "watch": "1.0.2"
      }
    },
    "watch": {
      "version": "1.0.2",
      "resolved": "https://registry.npmjs.org/watch/-/watch-1.0.2.tgz",
      "integrity": "sha1-NApxe952Vyb6CqB9ch4BR6VR3ww=",
      "dev": true,
      "requires": {
        "exec-sh": "0.2.2",
        "minimist": "1.2.0"
      }
    }
  }
}
